
Microsoft Visual Studio Solution File, Format Version 12.00
# Visual Studio Version 17
VisualStudioVersion = 17.14.36015.10 d17.14
MinimumVisualStudioVersion = 10.0.40219.1
Project("{FAE04EC0-301F-11D3-BF4B-00C04F79EFBC}") = "VirtualPetSimulator", "VirtualPetSimulator\VirtualPetSimulator.csproj", "{D9C85670-2E0A-4D07-8EFC-F28D42004C19}"
EndProject
Global
	GlobalSection(SolutionConfigurationPlatforms) = preSolution
		Debug|Any CPU = Debug|Any CPU
		Release|Any CPU = Release|Any CPU
	EndGlobalSection
	GlobalSection(ProjectConfigurationPlatforms) = postSolution
		{D9C85670-2E0A-4D07-8EFC-F28D42004C19}.Debug|Any CPU.ActiveCfg = Debug|Any CPU
		{D9C85670-2E0A-4D07-8EFC-F28D42004C19}.Debug|Any CPU.Build.0 = Debug|Any CPU
		{D9C85670-2E0A-4D07-8EFC-F28D42004C19}.Release|Any CPU.ActiveCfg = Release|Any CPU
		{D9C85670-2E0A-4D07-8EFC-F28D42004C19}.Release|Any CPU.Build.0 = Release|Any CPU
	EndGlobalSection
	GlobalSection(SolutionProperties) = preSolution
		HideSolutionNode = FALSE
	EndGlobalSection
	GlobalSection(ExtensibilityGlobals) = postSolution
		SolutionGuid = {D0A3E8C0-E9DC-4038-99AA-52EA8442E793}
	EndGlobalSection
EndGlobal
